<?xml version="1.0" encoding="utf-8"?>
<Project ToolsVersion="4.0" xmlns="http://schemas.microsoft.com/developer/msbuild/2003">
  <ItemGroup>
    <Filter Include="ソース ファイル">
      <UniqueIdentifier>{4FC737F1-C7A5-4376-A066-2A32D752A2FF}</UniqueIdentifier>
      <Extensions>cpp;c;cc;cxx;c++;cppm;ixx;def;odl;idl;hpj;bat;asm;asmx</Extensions>
    </Filter>
    <Filter Include="ヘッダー ファイル">
      <UniqueIdentifier>{93995380-89BD-4b04-88EB-625FBE52EBFB}</UniqueIdentifier>
      <Extensions>h;hh;hpp;hxx;h++;hm;inl;inc;ipp;xsd</Extensions>
    </Filter>
    <Filter Include="リソース ファイル">
      <UniqueIdentifier>{67DA6AB6-F800-4c08-8B7A-83BB121AAD01}</UniqueIdentifier>
      <Extensions>rc;ico;cur;bmp;dlg;rc2;rct;bin;rgs;gif;jpg;jpeg;jpe;resx;tiff;tif;png;wav;mfcribbon-ms</Extensions>
    </Filter>
  </ItemGroup>
  <ItemGroup>
    <ClInclude Include="framework.h">
      <Filter>ヘッダー ファイル</Filter>
    </ClInclude>
    <ClInclude Include="pch.h">
      <Filter>ヘッダー ファイル</Filter>
    </ClInclude>
  </ItemGroup>
  <ItemGroup>
    <ClCompile Include="dllmain.cpp">
      <Filter>ソース ファイル</Filter>
    </ClCompile>
    <ClCompile Include="pch.cpp">
      <Filter>ソース ファイル</Filter>
    </ClCompile>
    <ClCompile Include="np21_i386.cpp">
      <Filter>ソース ファイル</Filter>
    </ClCompile>
    <ClCompile Include="np21_i386c\cpucore.cpp">
      <Filter>ソース ファイル</Filter>
    </ClCompile>
    <ClCompile Include="np21_i386c\cpumem.cpp">
      <Filter>ソース ファイル</Filter>
    </ClCompile>
    <ClCompile Include="np21_i386c\ia32\cpu.cpp">
      <Filter>ソース ファイル</Filter>
    </ClCompile>
    <ClCompile Include="np21_i386c\ia32\cpu_io.cpp">
      <Filter>ソース ファイル</Filter>
    </ClCompile>
    <ClCompile Include="np21_i386c\ia32\cpu_mem.cpp">
      <Filter>ソース ファイル</Filter>
    </ClCompile>
    <ClCompile Include="np21_i386c\ia32\ctrlxfer.cpp">
      <Filter>ソース ファイル</Filter>
    </ClCompile>
    <ClCompile Include="np21_i386c\ia32\debug.cpp">
      <Filter>ソース ファイル</Filter>
    </ClCompile>
    <ClCompile Include="np21_i386c\ia32\disasm.cpp">
      <Filter>ソース ファイル</Filter>
    </ClCompile>
    <ClCompile Include="np21_i386c\ia32\exception.cpp">
      <Filter>ソース ファイル</Filter>
    </ClCompile>
    <ClCompile Include="np21_i386c\ia32\groups.cpp">
      <Filter>ソース ファイル</Filter>
    </ClCompile>
    <ClCompile Include="np21_i386c\ia32\ia32.cpp">
      <Filter>ソース ファイル</Filter>
    </ClCompile>
    <ClCompile Include="np21_i386c\ia32\inst_table.cpp">
      <Filter>ソース ファイル</Filter>
    </ClCompile>
    <ClCompile Include="np21_i386c\ia32\interface.cpp">
      <Filter>ソース ファイル</Filter>
    </ClCompile>
    <ClCompile Include="np21_i386c\ia32\paging.cpp">
      <Filter>ソース ファイル</Filter>
    </ClCompile>
    <ClCompile Include="np21_i386c\ia32\resolve.cpp">
      <Filter>ソース ファイル</Filter>
    </ClCompile>
    <ClCompile Include="np21_i386c\ia32\segments.cpp">
      <Filter>ソース ファイル</Filter>
    </ClCompile>
    <ClCompile Include="np21_i386c\ia32\task.cpp">
      <Filter>ソース ファイル</Filter>
    </ClCompile>
    <ClCompile Include="np21_i386c\ia32\instructions\bin_arith.cpp">
      <Filter>ソース ファイル</Filter>
    </ClCompile>
    <ClCompile Include="np21_i386c\ia32\instructions\bit_byte.cpp">
      <Filter>ソース ファイル</Filter>
    </ClCompile>
    <ClCompile Include="np21_i386c\ia32\instructions\ctrl_trans.cpp">
      <Filter>ソース ファイル</Filter>
    </ClCompile>
    <ClCompile Include="np21_i386c\ia32\instructions\data_trans.cpp">
      <Filter>ソース ファイル</Filter>
    </ClCompile>
    <ClCompile Include="np21_i386c\ia32\instructions\dec_arith.cpp">
      <Filter>ソース ファイル</Filter>
    </ClCompile>
    <ClCompile Include="np21_i386c\ia32\instructions\flag_ctrl.cpp">
      <Filter>ソース ファイル</Filter>
    </ClCompile>
    <ClCompile Include="np21_i386c\ia32\instructions\fpu.cpp">
      <Filter>ソース ファイル</Filter>
    </ClCompile>
    <ClCompile Include="np21_i386c\ia32\instructions\logic_arith.cpp">
      <Filter>ソース ファイル</Filter>
    </ClCompile>
    <ClCompile Include="np21_i386c\ia32\instructions\misc_inst.cpp">
      <Filter>ソース ファイル</Filter>
    </ClCompile>
    <ClCompile Include="np21_i386c\ia32\instructions\seg_reg.cpp">
      <Filter>ソース ファイル</Filter>
    </ClCompile>
    <ClCompile Include="np21_i386c\ia32\instructions\shift_rotate.cpp">
      <Filter>ソース ファイル</Filter>
    </ClCompile>
    <ClCompile Include="np21_i386c\ia32\instructions\string_inst.cpp">
      <Filter>ソース ファイル</Filter>
    </ClCompile>
    <ClCompile Include="np21_i386c\ia32\instructions\system_inst.cpp">
      <Filter>ソース ファイル</Filter>
    </ClCompile>
    <ClCompile Include="np21_i386c\ia32\instructions\fpu\fpdummy.cpp">
      <Filter>ソース ファイル</Filter>
    </ClCompile>
    <ClCompile Include="np21_i386c\ia32\instructions\fpu\fpemul_dosbox.cpp">
      <Filter>ソース ファイル</Filter>
    </ClCompile>
    <ClCompile Include="np21_i386c\ia32\instructions\fpu\fpemul_dosbox2.cpp">
      <Filter>ソース ファイル</Filter>
    </ClCompile>
    <ClCompile Include="np21_i386c\ia32\instructions\fpu\fpemul_softfloat.cpp">
      <Filter>ソース ファイル</Filter>
    </ClCompile>
    <ClCompile Include="np21_i386c\ia32\instructions\fpu\softfloat\softfloat.cpp">
      <Filter>ソース ファイル</Filter>
    </ClCompile>
    <ClCompile Include="np21_i386c\ia32\instructions\mmx\3dnow.cpp">
      <Filter>ソース ファイル</Filter>
    </ClCompile>
    <ClCompile Include="np21_i386c\ia32\instructions\mmx\mmx.cpp">
      <Filter>ソース ファイル</Filter>
    </ClCompile>
    <ClCompile Include="np21_i386c\ia32\instructions\sse\sse.cpp">
      <Filter>ソース ファイル</Filter>
    </ClCompile>
    <ClCompile Include="np21_i386c\ia32\instructions\sse2\sse2.cpp">
      <Filter>ソース ファイル</Filter>
    </ClCompile>
    <ClCompile Include="np21_i386c\ia32\instructions\sse3\sse3.cpp">
      <Filter>ソース ファイル</Filter>
    </ClCompile>
    <ClCompile Include="np21_i386c\ia32\instructions\ssse3\ssse3.cpp">
      <Filter>ソース ファイル</Filter>
    </ClCompile>
  </ItemGroup>
</Project>